
Microsoft Visual Studio Solution File, Format Version 12.00
# Visual Studio Version 17
VisualStudioVersion = 17.11.35327.3
MinimumVisualStudioVersion = 10.0.40219.1
Project("{9A19103F-16F7-4668-BE54-9A1E7A4F7556}") = "ScheduleMe", "ScheduleMe\ScheduleMe.csproj", "{40551278-4BD1-4A56-AAA4-7986FF3D99AD}"
EndProject
Global
	GlobalSection(SolutionConfigurationPlatforms) = preSolution
		Debug|Any CPU = Debug|Any CPU
		Release|Any CPU = Release|Any CPU
	EndGlobalSection
	GlobalSection(ProjectConfigurationPlatforms) = postSolution
		{40551278-4BD1-4A56-AAA4-7986FF3D99AD}.Debug|Any CPU.ActiveCfg = Debug|Any CPU
		{40551278-4BD1-4A56-AAA4-7986FF3D99AD}.Debug|Any CPU.Build.0 = Debug|Any CPU
		{40551278-4BD1-4A56-AAA4-7986FF3D99AD}.Release|Any CPU.ActiveCfg = Release|Any CPU
		{40551278-4BD1-4A56-AAA4-7986FF3D99AD}.Release|Any CPU.Build.0 = Release|Any CPU
	EndGlobalSection
	GlobalSection(SolutionProperties) = preSolution
		HideSolutionNode = FALSE
	EndGlobalSection
	GlobalSection(ExtensibilityGlobals) = postSolution
		SolutionGuid = {81A59827-53FD-474B-BD08-C5D877B3575B}
	EndGlobalSection
EndGlobal
